
Microsoft Visual Studio Solution File, Format Version 12.00
# Visual Studio Version 16
VisualStudioVersion = 16.0.30104.148
MinimumVisualStudioVersion = 10.0.40219.1
Project("{FAE04EC0-301F-11D3-BF4B-00C04F79EFBC}") = "BaseProject.Interface", "src\BaseProject.Interface\BaseProject.Interface.csproj", "{E1A338A7-0712-4069-849C-475E76211BE3}"
EndProject
Project("{FAE04EC0-301F-11D3-BF4B-00C04F79EFBC}") = "BaseProject.Infra.Data", "src\BaseProject.Infra.Data\BaseProject.Infra.Data.csproj", "{6C7059E4-2749-4B5D-90AD-851AC0E86776}"
EndProject
Project("{FAE04EC0-301F-11D3-BF4B-00C04F79EFBC}") = "BaseProject.Domain", "src\BaseProject.Domain\BaseProject.Domain.csproj", "{D9C3F997-097C-4659-ACF8-E0116EDCC1EC}"
EndProject
Project("{FAE04EC0-301F-11D3-BF4B-00C04F79EFBC}") = "BaseProject.Infra.CrossCutting.IoC", "src\BaseProject.Infra.CrossCutting.IoC\BaseProject.Infra.CrossCutting.IoC.csproj", "{5B64D141-AFAD-4C57-B404-06E6483491D9}"
EndProject
Project("{FAE04EC0-301F-11D3-BF4B-00C04F79EFBC}") = "BaseProject.Application", "src\BaseProject.Application\BaseProject.Application.csproj", "{93146DE6-CFE5-4E23-AFC0-4A38E6084C03}"
EndProject
Global
	GlobalSection(SolutionConfigurationPlatforms) = preSolution
		Debug|Any CPU = Debug|Any CPU
		Release|Any CPU = Release|Any CPU
	EndGlobalSection
	GlobalSection(ProjectConfigurationPlatforms) = postSolution
		{E1A338A7-0712-4069-849C-475E76211BE3}.Debug|Any CPU.ActiveCfg = Debug|Any CPU
		{E1A338A7-0712-4069-849C-475E76211BE3}.Debug|Any CPU.Build.0 = Debug|Any CPU
		{E1A338A7-0712-4069-849C-475E76211BE3}.Release|Any CPU.ActiveCfg = Release|Any CPU
		{E1A338A7-0712-4069-849C-475E76211BE3}.Release|Any CPU.Build.0 = Release|Any CPU
		{6C7059E4-2749-4B5D-90AD-851AC0E86776}.Debug|Any CPU.ActiveCfg = Debug|Any CPU
		{6C7059E4-2749-4B5D-90AD-851AC0E86776}.Debug|Any CPU.Build.0 = Debug|Any CPU
		{6C7059E4-2749-4B5D-90AD-851AC0E86776}.Release|Any CPU.ActiveCfg = Release|Any CPU
		{6C7059E4-2749-4B5D-90AD-851AC0E86776}.Release|Any CPU.Build.0 = Release|Any CPU
		{D9C3F997-097C-4659-ACF8-E0116EDCC1EC}.Debug|Any CPU.ActiveCfg = Debug|Any CPU
		{D9C3F997-097C-4659-ACF8-E0116EDCC1EC}.Debug|Any CPU.Build.0 = Debug|Any CPU
		{D9C3F997-097C-4659-ACF8-E0116EDCC1EC}.Release|Any CPU.ActiveCfg = Release|Any CPU
		{D9C3F997-097C-4659-ACF8-E0116EDCC1EC}.Release|Any CPU.Build.0 = Release|Any CPU
		{5B64D141-AFAD-4C57-B404-06E6483491D9}.Debug|Any CPU.ActiveCfg = Debug|Any CPU
		{5B64D141-AFAD-4C57-B404-06E6483491D9}.Debug|Any CPU.Build.0 = Debug|Any CPU
		{5B64D141-AFAD-4C57-B404-06E6483491D9}.Release|Any CPU.ActiveCfg = Release|Any CPU
		{5B64D141-AFAD-4C57-B404-06E6483491D9}.Release|Any CPU.Build.0 = Release|Any CPU
		{93146DE6-CFE5-4E23-AFC0-4A38E6084C03}.Debug|Any CPU.ActiveCfg = Debug|Any CPU
		{93146DE6-CFE5-4E23-AFC0-4A38E6084C03}.Debug|Any CPU.Build.0 = Debug|Any CPU
		{93146DE6-CFE5-4E23-AFC0-4A38E6084C03}.Release|Any CPU.ActiveCfg = Release|Any CPU
		{93146DE6-CFE5-4E23-AFC0-4A38E6084C03}.Release|Any CPU.Build.0 = Release|Any CPU
	EndGlobalSection
	GlobalSection(SolutionProperties) = preSolution
		HideSolutionNode = FALSE
	EndGlobalSection
	GlobalSection(ExtensibilityGlobals) = postSolution
		SolutionGuid = {861D2846-C6E4-4CC3-BB75-0423E56EB357}
	EndGlobalSection
EndGlobal
